schema: '2.0'
stages:
  data_ingestion:
    cmd: python src/data_ingestion.py
    deps:
    - path: src/data_ingestion.py
      hash: md5
      md5: 1514e61d752d01731feb1146e96d9d0c
      size: 3640
    params:
      params.yaml:
        data_ingestion.test_size: 0.1
    outs:
    - path: data/raw
      hash: md5
      md5: 9097e041a34df9054caed15688df1464.dir
      size: 484846
      nfiles: 2
  data_preprocessing:
    cmd: python src/data_preprocessing.py
    deps:
    - path: data/raw
      hash: md5
      md5: 9097e041a34df9054caed15688df1464.dir
      size: 484846
      nfiles: 2
    - path: src/data_preprocessing.py
      hash: md5
      md5: ae0059b79590609927f72e3c373f1865
      size: 3973
    outs:
    - path: data/interim
      hash: md5
      md5: 372e18bfa771372d41b683bc64b32377.dir
      size: 257605
      nfiles: 2
  feature_engineering:
    cmd: python src/feature_engineering.py
    deps:
    - path: data/interim
      hash: md5
      md5: 372e18bfa771372d41b683bc64b32377.dir
      size: 257605
      nfiles: 2
    - path: src/feature_engineering.py
      hash: md5
      md5: 3e57bdfcf7d19b1254d12c7e8d7fb46c
      size: 3921
    params:
      params.yaml:
        feature_engineering.max_features: 30
    outs:
    - path: data/processed
      hash: md5
      md5: 490cf6695f1ddc3b7504c04ffc4c72f6.dir
      size: 714708
      nfiles: 2
  model_building:
    cmd: python src/model_building.py
    deps:
    - path: data/processed
      hash: md5
      md5: 490cf6695f1ddc3b7504c04ffc4c72f6.dir
      size: 714708
      nfiles: 2
    - path: src/model_building.py
      hash: md5
      md5: 04b27c390f3a83e1f0a969f0b775de3b
      size: 4475
    params:
      params.yaml:
        model_building.n_estimators: 20
        model_building.random_state: 2
    outs:
    - path: models/model.pkl
      hash: md5
      md5: 5a5484865016a00ab36ed6df9ca044e7
      size: 644606
  model_evaluation:
    cmd: python src/model_evaluation.py
    deps:
    - path: models/model.pkl
      hash: md5
      md5: 5a5484865016a00ab36ed6df9ca044e7
      size: 644606
    - path: src/model_evaluation.py
      hash: md5
      md5: cd0eb01d3de840abd564457126b3b8cf
      size: 4656
    outs:
    - path: reports/metrics.json
      hash: md5
      md5: 414e1ec12c773d9a19b5ed80d64f9bf7
      size: 144
