schema: '2.0'
stages:
  data_ingestion:
    cmd: python src/data_ingestion.py
    deps:
    - path: src/data_ingestion.py
      hash: md5
      md5: 1514e61d752d01731feb1146e96d9d0c
      size: 3640
    params:
      params.yaml:
        data_ingestion.test_size: 0.15
    outs:
    - path: data/raw
      hash: md5
      md5: a15ba66afdf82f8659b031b175286ed3.dir
      size: 484846
      nfiles: 2
  data_preprocessing:
    cmd: python src/data_preprocessing.py
    deps:
    - path: data/raw
      hash: md5
      md5: a15ba66afdf82f8659b031b175286ed3.dir
      size: 484846
      nfiles: 2
    - path: src/data_preprocessing.py
      hash: md5
      md5: ae0059b79590609927f72e3c373f1865
      size: 3973
    outs:
    - path: data/interim
      hash: md5
      md5: 60a6fff4e80508df65a68e383fa2725e.dir
      size: 259164
      nfiles: 2
  feature_engineering:
    cmd: python src/feature_engineering.py
    deps:
    - path: data/interim
      hash: md5
      md5: 60a6fff4e80508df65a68e383fa2725e.dir
      size: 259164
      nfiles: 2
    - path: src/feature_engineering.py
      hash: md5
      md5: 3e57bdfcf7d19b1254d12c7e8d7fb46c
      size: 3921
    params:
      params.yaml:
        feature_engineering.max_features: 45
    outs:
    - path: data/processed
      hash: md5
      md5: a4c66ee04e598616a0efc0acc0f748d2.dir
      size: 1063201
      nfiles: 2
  model_building:
    cmd: python src/model_building.py
    deps:
    - path: data/processed
      hash: md5
      md5: a4c66ee04e598616a0efc0acc0f748d2.dir
      size: 1063201
      nfiles: 2
    - path: src/model_building.py
      hash: md5
      md5: 04b27c390f3a83e1f0a969f0b775de3b
      size: 4475
    params:
      params.yaml:
        model_building.n_estimators: 20
        model_building.random_state: 2
    outs:
    - path: models/model.pkl
      hash: md5
      md5: 10a32a0741e638a70a00002f80ad802b
      size: 790384
  model_evaluation:
    cmd: python src/model_evaluation.py
    deps:
    - path: models/model.pkl
      hash: md5
      md5: 10a32a0741e638a70a00002f80ad802b
      size: 790384
    - path: src/model_evaluation.py
      hash: md5
      md5: 13830d134c2346519e2a39766fe30c59
      size: 3643
    outs:
    - path: reports/metrics.json
      hash: md5
      md5: 14fcd2a537ccecb8e1ac79a35eefb330
      size: 145
